{
    "_readme": [
        "This file locks the dependencies of your project to a known state",
        "Read more about it at https://getcomposer.org/doc/01-basic-usage.md#composer-lock-the-lock-file",
        "This file is @generated automatically"
    ],
    "hash": "7730ef1840c913ef6167c0f76e9d3070",
    "content-hash": "26e700a5a835d943cb21e5a2a2c71ac4",
    "packages": [
        {
            "name": "daverandom/libdns",
            "version": "1.0.x-dev",
            "source": {
                "type": "git",
                "url": "https://github.com/DaveRandom/LibDNS.git",
                "reference": "e935e8caa5ff30122bcbeb8b4ce567fa14cdf063"
            },
            "dist": {
                "type": "zip",
                "url": "https://api.github.com/repos/DaveRandom/LibDNS/zipball/e935e8caa5ff30122bcbeb8b4ce567fa14cdf063",
                "reference": "e935e8caa5ff30122bcbeb8b4ce567fa14cdf063",
                "shasum": ""
            },
            "require": {
                "php": ">=5.4.0"
            },
            "type": "library",
            "autoload": {
                "psr-4": {
                    "LibDNS\\": "src/"
                }
            },
            "notification-url": "https://packagist.org/downloads/",
            "license": [
                "MIT"
            ],
            "description": "DNS protocol implementation written in pure PHP",
            "keywords": [
                "dns"
            ],
            "time": "2015-04-02 15:42:15"
        },
        {
            "name": "icicleio/dns",
            "version": "0.5.x-dev",
            "source": {
                "type": "git",
                "url": "https://github.com/icicleio/dns.git",
                "reference": "e278cf796b0af0244f401aaa09768e7039045f9b"
            },
            "dist": {
                "type": "zip",
                "url": "https://api.github.com/repos/icicleio/dns/zipball/e278cf796b0af0244f401aaa09768e7039045f9b",
                "reference": "e278cf796b0af0244f401aaa09768e7039045f9b",
                "shasum": ""
            },
            "require": {
                "daverandom/libdns": "^1",
                "icicleio/icicle": "^0.8",
                "icicleio/socket": "^0.2 | ^0.3"
            },
            "require-dev": {
                "mockery/mockery": "^0.9",
                "phpunit/phpunit": "^4.6",
                "symfony/yaml": "^2.7"
            },
            "type": "library",
            "autoload": {
                "psr-4": {
                    "Icicle\\Dns\\": "src"
                }
            },
            "notification-url": "https://packagist.org/downloads/",
            "license": [
                "MIT"
            ],
            "authors": [
                {
                    "name": "Aaron Piotrowski",
                    "email": "aaron@icicle.io"
                }
            ],
            "description": "Asynchronous DNS for Icicle.",
            "homepage": "http://icicle.io",
            "keywords": [
                "async",
                "asynchronous",
                "dns",
                "resolver"
            ],
            "time": "2015-09-15 02:31:44"
        },
        {
            "name": "icicleio/event-emitter",
            "version": "dev-master",
            "source": {
                "type": "git",
                "url": "https://github.com/icicleio/event-emitter.git",
                "reference": "978cacde8d20f4825f00f4e5173803ee21eab15f"
            },
            "dist": {
                "type": "zip",
                "url": "https://api.github.com/repos/icicleio/event-emitter/zipball/978cacde8d20f4825f00f4e5173803ee21eab15f",
                "reference": "978cacde8d20f4825f00f4e5173803ee21eab15f",
                "shasum": ""
            },
            "require": {
                "php": ">=5.4"
            },
            "require-dev": {
                "phpunit/phpunit": "~4",
                "satooshi/php-coveralls": "dev-master"
            },
            "type": "library",
            "extra": {
                "branch-alias": {
                    "dev-master": "1.1-dev",
                    "dev-development": "1.2-dev"
                }
            },
            "autoload": {
                "psr-4": {
                    "Icicle\\EventEmitter\\": "src"
                }
            },
            "notification-url": "https://packagist.org/downloads/",
            "license": [
                "Apache-2.0"
            ],
            "authors": [
                {
                    "name": "Aaron Piotrowski",
                    "email": "aaron@icicle.io"
                }
            ],
            "description": "Event Emitter is a library that allows objects to emit events that invoke a set of registered callbacks.",
            "homepage": "http://icicle.io",
            "keywords": [
                "emitter",
                "event",
                "listener",
                "subscriber"
            ],
            "time": "2015-04-18 17:05:49"
        },
        {
            "name": "icicleio/http",
            "version": "dev-master",
            "source": {
                "type": "git",
                "url": "https://github.com/icicleio/http.git",
                "reference": "dce36baa49ccf1919177e32f0e7ba6df97b0560c"
            },
            "dist": {
                "type": "zip",
                "url": "https://api.github.com/repos/icicleio/http/zipball/dce36baa49ccf1919177e32f0e7ba6df97b0560c",
                "reference": "dce36baa49ccf1919177e32f0e7ba6df97b0560c",
                "shasum": ""
            },
            "require": {
                "icicleio/dns": "^0.5",
                "icicleio/icicle": "^0.8",
                "icicleio/socket": "^0.3.1",
                "icicleio/stream": "^0.3"
            },
            "require-dev": {
                "mockery/mockery": "^0.9",
                "phpunit/phpunit": "^4.6",
                "symfony/yaml": "^2.7"
            },
            "type": "library",
            "autoload": {
                "psr-4": {
                    "Icicle\\Http\\": "src"
                }
            },
            "notification-url": "https://packagist.org/downloads/",
            "license": [
                "MIT"
            ],
            "authors": [
                {
                    "name": "Aaron Piotrowski",
                    "email": "aaron@icicle.io"
                }
            ],
            "description": "Asynchronous HTTP component for Icicle.",
            "homepage": "http://icicle.io",
            "keywords": [
                "async",
                "asynchronous",
                "http"
            ],
            "time": "2015-10-01 21:42:19"
        },
        {
            "name": "icicleio/icicle",
            "version": "0.8.x-dev",
            "source": {
                "type": "git",
                "url": "https://github.com/icicleio/icicle.git",
                "reference": "424ddbde1f4a64da69adff3ac4e7635729c8ef75"
            },
            "dist": {
                "type": "zip",
                "url": "https://api.github.com/repos/icicleio/icicle/zipball/424ddbde1f4a64da69adff3ac4e7635729c8ef75",
                "reference": "424ddbde1f4a64da69adff3ac4e7635729c8ef75",
                "shasum": ""
            },
            "require": {
                "php": ">=5.5"
            },
            "require-dev": {
                "phpunit/phpunit": "^4.6"
            },
            "suggest": {
                "ext-ev": "Provides an event loop with better performance.",
                "ext-event": "Another extension providing an event loop with better performance (ext-ev preferred).",
                "ext-libevent": "Another extension providing an event loop with better performance (ext-ev or ext-event preferred).",
                "ext-pcntl": "Enables custom signal handling."
            },
            "type": "library",
            "autoload": {
                "psr-4": {
                    "Icicle\\": "src"
                },
                "files": [
                    "src/Coroutine/functions.php",
                    "src/Loop/functions.php",
                    "src/Promise/functions.php"
                ]
            },
            "notification-url": "https://packagist.org/downloads/",
            "license": [
                "MIT"
            ],
            "authors": [
                {
                    "name": "Aaron Piotrowski",
                    "email": "aaron@icicle.io"
                }
            ],
            "description": "Icicle is a PHP library for writing asynchronous code using synchronous coding techniques.",
            "homepage": "http://icicle.io",
            "keywords": [
                "Socket",
                "async",
                "asynchronous",
                "coroutine",
                "event",
                "generator",
                "interruptible",
                "multitasking",
                "network",
                "promise",
                "server",
                "stream"
            ],
            "time": "2015-09-17 23:05:21"
        },
        {
            "name": "icicleio/socket",
            "version": "0.3.x-dev",
            "source": {
                "type": "git",
                "url": "https://github.com/icicleio/socket.git",
                "reference": "b4085fba99914a8964e29a7ccdcdb47f74c5917a"
            },
            "dist": {
                "type": "zip",
                "url": "https://api.github.com/repos/icicleio/socket/zipball/b4085fba99914a8964e29a7ccdcdb47f74c5917a",
                "reference": "b4085fba99914a8964e29a7ccdcdb47f74c5917a",
                "shasum": ""
            },
            "require": {
                "icicleio/icicle": "^0.8",
                "icicleio/stream": "^0.3"
            },
            "require-dev": {
                "phpunit/phpunit": "^4.6"
            },
            "suggest": {
                "ext-openssl": "Enables using SSL/TLS on stream sockets."
            },
            "type": "library",
            "autoload": {
                "psr-4": {
                    "Icicle\\Socket\\": "src"
                },
                "files": [
                    "src/functions.php"
                ]
            },
            "notification-url": "https://packagist.org/downloads/",
            "license": [
                "MIT"
            ],
            "authors": [
                {
                    "name": "Aaron Piotrowski",
                    "email": "aaron@icicle.io"
                }
            ],
            "description": "Asynchronous stream socket server and client for Icicle.",
            "homepage": "http://icicle.io",
            "keywords": [
                "Socket",
                "async",
                "asynchronous",
                "client",
                "server",
                "stream"
            ],
            "time": "2015-09-15 01:57:15"
        },
        {
            "name": "icicleio/stream",
            "version": "0.3.x-dev",
            "source": {
                "type": "git",
                "url": "https://github.com/icicleio/stream.git",
                "reference": "40f74b59771f5f5f27f5eff2664209fff1080f29"
            },
            "dist": {
                "type": "zip",
                "url": "https://api.github.com/repos/icicleio/stream/zipball/40f74b59771f5f5f27f5eff2664209fff1080f29",
                "reference": "40f74b59771f5f5f27f5eff2664209fff1080f29",
                "shasum": ""
            },
            "require": {
                "icicleio/icicle": "^0.8"
            },
            "require-dev": {
                "phpunit/phpunit": "^4.6"
            },
            "type": "library",
            "autoload": {
                "psr-4": {
                    "Icicle\\Stream\\": "src"
                }
            },
            "notification-url": "https://packagist.org/downloads/",
            "license": [
                "MIT"
            ],
            "authors": [
                {
                    "name": "Aaron Piotrowski",
                    "email": "aaron@icicle.io"
                }
            ],
            "description": "Asynchronous streams for Icicle.",
            "homepage": "http://icicle.io",
            "keywords": [
                "async",
                "asynchronous",
                "stream"
            ],
            "time": "2015-09-15 01:46:48"
        },
        {
            "name": "monolog/monolog",
            "version": "dev-master",
            "source": {
                "type": "git",
                "url": "https://github.com/Seldaek/monolog.git",
                "reference": "3d3feb167314024ba7b48aa67a88b18d3d748588"
            },
            "dist": {
                "type": "zip",
                "url": "https://api.github.com/repos/Seldaek/monolog/zipball/3d3feb167314024ba7b48aa67a88b18d3d748588",
                "reference": "3d3feb167314024ba7b48aa67a88b18d3d748588",
                "shasum": ""
            },
            "require": {
                "php": ">=5.3.0",
                "psr/log": "~1.0"
            },
            "provide": {
                "psr/log-implementation": "1.0.0"
            },
            "require-dev": {
                "aws/aws-sdk-php": "^2.4.9",
                "doctrine/couchdb": "~1.0@dev",
                "graylog2/gelf-php": "~1.0",
                "jakub-onderka/php-parallel-lint": "0.9",
                "php-console/php-console": "^3.1.3",
                "phpunit/phpunit": "~4.5",
                "phpunit/phpunit-mock-objects": "2.3.0",
                "raven/raven": "~0.11",
                "ruflin/elastica": ">=0.90 <3.0",
                "swiftmailer/swiftmailer": "~5.3",
                "videlalvaro/php-amqplib": "~2.4"
            },
            "suggest": {
                "aws/aws-sdk-php": "Allow sending log messages to AWS services like DynamoDB",
                "doctrine/couchdb": "Allow sending log messages to a CouchDB server",
                "ext-amqp": "Allow sending log messages to an AMQP server (1.0+ required)",
                "ext-mongo": "Allow sending log messages to a MongoDB server",
                "graylog2/gelf-php": "Allow sending log messages to a GrayLog2 server",
                "php-console/php-console": "Allow sending log messages to Google Chrome",
                "raven/raven": "Allow sending log messages to a Sentry server",
                "rollbar/rollbar": "Allow sending log messages to Rollbar",
                "ruflin/elastica": "Allow sending log messages to an Elastic Search server",
                "videlalvaro/php-amqplib": "Allow sending log messages to an AMQP server using php-amqplib"
            },
            "type": "library",
            "extra": {
                "branch-alias": {
                    "dev-master": "1.16.x-dev"
                }
            },
            "autoload": {
                "psr-4": {
                    "Monolog\\": "src/Monolog"
                }
            },
            "notification-url": "https://packagist.org/downloads/",
            "license": [
                "MIT"
            ],
            "authors": [
                {
                    "name": "Jordi Boggiano",
                    "email": "j.boggiano@seld.be",
                    "homepage": "http://seld.be"
                }
            ],
            "description": "Sends your logs to files, sockets, inboxes, databases and various web services",
            "homepage": "http://github.com/Seldaek/monolog",
            "keywords": [
                "log",
                "logging",
                "psr-3"
            ],
            "time": "2015-09-29 09:34:13"
        },
        {
            "name": "psr/log",
            "version": "dev-master",
            "source": {
                "type": "git",
                "url": "https://github.com/php-fig/log.git",
                "reference": "9e45edca52cc9c954680072c93e621f8b71fab26"
            },
            "dist": {
                "type": "zip",
                "url": "https://api.github.com/repos/php-fig/log/zipball/9e45edca52cc9c954680072c93e621f8b71fab26",
                "reference": "9e45edca52cc9c954680072c93e621f8b71fab26",
                "shasum": ""
            },
            "require": {
                "php": ">=5.3.0"
            },
            "type": "library",
            "extra": {
                "branch-alias": {
                    "dev-master": "1.0.x-dev"
                }
            },
            "autoload": {
                "psr-4": {
                    "Psr\\Log\\": "Psr/Log/"
                }
            },
            "notification-url": "https://packagist.org/downloads/",
            "license": [
                "MIT"
            ],
            "authors": [
                {
                    "name": "PHP-FIG",
                    "homepage": "http://www.php-fig.org/"
                }
            ],
            "description": "Common interface for logging libraries",
            "keywords": [
                "log",
                "psr",
                "psr-3"
            ],
            "time": "2015-06-02 13:48:41"
        },
        {
            "name": "symfony/config",
            "version": "dev-master",
            "source": {
                "type": "git",
                "url": "https://github.com/symfony/config.git",
                "reference": "07a94178b0d78aa70dc5452cc83e454047993835"
            },
            "dist": {
                "type": "zip",
                "url": "https://api.github.com/repos/symfony/config/zipball/07a94178b0d78aa70dc5452cc83e454047993835",
                "reference": "07a94178b0d78aa70dc5452cc83e454047993835",
                "shasum": ""
            },
            "require": {
                "php": ">=5.5.9",
                "symfony/filesystem": "~2.8|~3.0"
            },
            "require-dev": {
                "symfony/phpunit-bridge": "~2.8|~3.0"
            },
            "type": "library",
            "extra": {
                "branch-alias": {
                    "dev-master": "3.0-dev"
                }
            },
            "autoload": {
                "psr-4": {
                    "Symfony\\Component\\Config\\": ""
                }
            },
            "notification-url": "https://packagist.org/downloads/",
            "license": [
                "MIT"
            ],
            "authors": [
                {
                    "name": "Fabien Potencier",
                    "email": "fabien@symfony.com"
                },
                {
                    "name": "Symfony Community",
                    "homepage": "https://symfony.com/contributors"
                }
            ],
            "description": "Symfony Config Component",
            "homepage": "https://symfony.com",
            "time": "2015-09-30 12:30:29"
        },
        {
            "name": "symfony/dependency-injection",
            "version": "dev-master",
            "source": {
                "type": "git",
                "url": "https://github.com/symfony/dependency-injection.git",
                "reference": "f66a76217516359aac2ad2acfbbd97abce74b5b5"
            },
            "dist": {
                "type": "zip",
                "url": "https://api.github.com/repos/symfony/dependency-injection/zipball/f66a76217516359aac2ad2acfbbd97abce74b5b5",
                "reference": "f66a76217516359aac2ad2acfbbd97abce74b5b5",
                "shasum": ""
            },
            "require": {
                "php": ">=5.5.9"
            },
            "require-dev": {
                "symfony/config": "~2.8|~3.0",
                "symfony/expression-language": "~2.8|~3.0",
                "symfony/phpunit-bridge": "~2.8|~3.0",
                "symfony/yaml": "~2.8|~3.0"
            },
            "suggest": {
                "symfony/config": "",
                "symfony/proxy-manager-bridge": "Generate service proxies to lazy load them",
                "symfony/yaml": ""
            },
            "type": "library",
            "extra": {
                "branch-alias": {
                    "dev-master": "3.0-dev"
                }
            },
            "autoload": {
                "psr-4": {
                    "Symfony\\Component\\DependencyInjection\\": ""
                }
            },
            "notification-url": "https://packagist.org/downloads/",
            "license": [
                "MIT"
            ],
            "authors": [
                {
                    "name": "Fabien Potencier",
                    "email": "fabien@symfony.com"
                },
                {
                    "name": "Symfony Community",
                    "homepage": "https://symfony.com/contributors"
                }
            ],
            "description": "Symfony DependencyInjection Component",
            "homepage": "https://symfony.com",
            "time": "2015-09-29 14:08:28"
        },
        {
            "name": "symfony/filesystem",
            "version": "dev-master",
            "source": {
                "type": "git",
                "url": "https://github.com/symfony/filesystem.git",
                "reference": "5b3b4801388d04a9e6d33c72dfb87bf9dde688dd"
            },
            "dist": {
                "type": "zip",
                "url": "https://api.github.com/repos/symfony/filesystem/zipball/5b3b4801388d04a9e6d33c72dfb87bf9dde688dd",
                "reference": "5b3b4801388d04a9e6d33c72dfb87bf9dde688dd",
                "shasum": ""
            },
            "require": {
                "php": ">=5.5.9"
            },
            "require-dev": {
                "symfony/phpunit-bridge": "~2.8|~3.0"
            },
            "type": "library",
            "extra": {
                "branch-alias": {
                    "dev-master": "3.0-dev"
                }
            },
            "autoload": {
                "psr-4": {
                    "Symfony\\Component\\Filesystem\\": ""
                }
            },
            "notification-url": "https://packagist.org/downloads/",
            "license": [
                "MIT"
            ],
            "authors": [
                {
                    "name": "Fabien Potencier",
                    "email": "fabien@symfony.com"
                },
                {
                    "name": "Symfony Community",
                    "homepage": "https://symfony.com/contributors"
                }
            ],
            "description": "Symfony Filesystem Component",
            "homepage": "https://symfony.com",
            "time": "2015-09-29 14:08:28"
        },
        {
            "name": "symfony/yaml",
            "version": "dev-master",
            "source": {
                "type": "git",
                "url": "https://github.com/symfony/yaml.git",
                "reference": "6f9ac2eb9dca0d6a67ca06e6424b700a4353c2f9"
            },
            "dist": {
                "type": "zip",
                "url": "https://api.github.com/repos/symfony/yaml/zipball/6f9ac2eb9dca0d6a67ca06e6424b700a4353c2f9",
                "reference": "6f9ac2eb9dca0d6a67ca06e6424b700a4353c2f9",
                "shasum": ""
            },
            "require": {
                "php": ">=5.5.9"
            },
            "require-dev": {
                "symfony/phpunit-bridge": "~2.8|~3.0"
            },
            "type": "library",
            "extra": {
                "branch-alias": {
                    "dev-master": "3.0-dev"
                }
            },
            "autoload": {
                "psr-4": {
                    "Symfony\\Component\\Yaml\\": ""
                }
            },
            "notification-url": "https://packagist.org/downloads/",
            "license": [
                "MIT"
            ],
            "authors": [
                {
                    "name": "Fabien Potencier",
                    "email": "fabien@symfony.com"
                },
                {
                    "name": "Symfony Community",
                    "homepage": "https://symfony.com/contributors"
                }
            ],
            "description": "Symfony Yaml Component",
            "homepage": "https://symfony.com",
            "time": "2015-10-02 17:05:43"
        }
    ],
    "packages-dev": [],
    "aliases": [],
    "minimum-stability": "dev",
    "stability-flags": {
        "symfony/dependency-injection": 20,
        "symfony/config": 20,
        "symfony/yaml": 20
    },
    "prefer-stable": false,
    "prefer-lowest": false,
    "platform": {
        "php": ">=7"
    },
    "platform-dev": []
}
